{
  "nodes": {
    "nixpkgs": {
      "locked": {
        "lastModified": 1675410244,
        "narHash": "sha256-ODj6egMoH/HgAF/0wIy0EfRBeUx5FMuLl6uAdUW3kCI=",
        "owner": "nixos",
        "repo": "nixpkgs",
        "rev": "f7543a7539a007e9562e4d8d24e17a4bcf369b68",
        "type": "github"
      },
      "original": {
        "owner": "nixos",
        "ref": "nixos-22.11",
        "repo": "nixpkgs",
        "type": "github"
      }
    },
    "root": {
      "inputs": {
        "nixpkgs": "nixpkgs"
      }
    }
  },
  "root": "root",
  "version": 7
}
