{
  "nodes": {
    "aladdin4nix": {
      "inputs": {
        "nixpkgs": [
          "nixpkgs"
        ]
      },
      "locked": {
        "lastModified": 1716117502,
        "narHash": "sha256-TsqDtWsNsR4SoGg0OiEG6B51G4OV5EVf9lqjloilNgg=",
        "owner": "MOIS3Y",
        "repo": "aladdin4nix",
        "rev": "883cfe949422eaf1ae21fc500cf2b5c2f2d945df",
        "type": "github"
      },
      "original": {
        "owner": "MOIS3Y",
        "repo": "aladdin4nix",
        "type": "github"
      }
    },
    "assets4nix": {
      "inputs": {
        "nixpkgs": [
          "nixpkgs"
        ]
      },
      "locked": {
        "lastModified": 1720526165,
        "narHash": "sha256-4H/pDwEcwSnEQwjbeyjo2PxKghStnKNjt+Vm4mDx7Ps=",
        "owner": "MOIS3Y",
        "repo": "assets4nix",
        "rev": "c2c5ee2f2057b4efb9c5f84b5ac23502582079e4",
        "type": "github"
      },
      "original": {
        "owner": "MOIS3Y",
        "repo": "assets4nix",
        "type": "github"
      }
    },
    "base16-schemes": {
      "flake": false,
      "locked": {
        "lastModified": 1696158499,
        "narHash": "sha256-5yIHgDTPjoX/3oDEfLSQ0eJZdFL1SaCfb9d6M0RmOTM=",
        "owner": "tinted-theming",
        "repo": "base16-schemes",
        "rev": "a9112eaae86d9dd8ee6bb9445b664fba2f94037a",
        "type": "github"
      },
      "original": {
        "owner": "tinted-theming",
        "repo": "base16-schemes",
        "type": "github"
      }
    },
    "flake-utils": {
      "inputs": {
        "systems": "systems"
      },
      "locked": {
        "lastModified": 1705309234,
        "narHash": "sha256-uNRRNRKmJyCRC/8y1RqBkqWBLM034y4qN7EprSdmgyA=",
        "owner": "numtide",
        "repo": "flake-utils",
        "rev": "1ef2e671c3b0c19053962c07dbda38332dcebf26",
        "type": "github"
      },
      "original": {
        "owner": "numtide",
        "repo": "flake-utils",
        "type": "github"
      }
    },
    "flake-utils_2": {
      "inputs": {
        "systems": "systems_3"
      },
      "locked": {
        "lastModified": 1705309234,
        "narHash": "sha256-uNRRNRKmJyCRC/8y1RqBkqWBLM034y4qN7EprSdmgyA=",
        "owner": "numtide",
        "repo": "flake-utils",
        "rev": "1ef2e671c3b0c19053962c07dbda38332dcebf26",
        "type": "github"
      },
      "original": {
        "owner": "numtide",
        "repo": "flake-utils",
        "type": "github"
      }
    },
    "home-manager": {
      "inputs": {
        "nixpkgs": [
          "nixpkgs"
        ]
      },
      "locked": {
        "lastModified": 1718141734,
        "narHash": "sha256-cA+6l8ZCZ7MXGijVuY/1f55+wF/RT4PlTR9+g4bx86w=",
        "owner": "nix-community",
        "repo": "home-manager",
        "rev": "892f76bd0aa09a0f7f73eb41834b8a904b6d0fad",
        "type": "github"
      },
      "original": {
        "owner": "nix-community",
        "repo": "home-manager",
        "type": "github"
      }
    },
    "i3lock-color-wrapper": {
      "inputs": {
        "nixpkgs": [
          "nixpkgs"
        ],
        "poetry2nix": "poetry2nix"
      },
      "locked": {
        "lastModified": 1711180718,
        "narHash": "sha256-d7RZ3tnCk+781KWzzvPQjfVqOy91hN18ktMPYyegDe4=",
        "owner": "MOIS3Y",
        "repo": "i3lock-color-wrapper",
        "rev": "a54e3c63cf06b984de17070b436996c5b1f46920",
        "type": "github"
      },
      "original": {
        "owner": "MOIS3Y",
        "repo": "i3lock-color-wrapper",
        "type": "github"
      }
    },
    "kvlibadwaita": {
      "inputs": {
        "nixpkgs": [
          "nixpkgs"
        ]
      },
      "locked": {
        "lastModified": 1720277189,
        "narHash": "sha256-GhYf//TrA+yWAIws/KTlx1V+ocb6QtxwH5uvnOFSqCY=",
        "owner": "MOIS3Y",
        "repo": "KvLibadwaita",
        "rev": "856ed01f26348d0f8a054b05c34c40f43a7bfbd4",
        "type": "github"
      },
      "original": {
        "owner": "MOIS3Y",
        "ref": "gradience",
        "repo": "KvLibadwaita",
        "type": "github"
      }
    },
    "nix-colors": {
      "inputs": {
        "base16-schemes": "base16-schemes",
        "nixpkgs-lib": "nixpkgs-lib"
      },
      "locked": {
        "lastModified": 1707825078,
        "narHash": "sha256-hTfge2J2W+42SZ7VHXkf4kjU+qzFqPeC9k66jAUBMHk=",
        "owner": "misterio77",
        "repo": "nix-colors",
        "rev": "b01f024090d2c4fc3152cd0cf12027a7b8453ba1",
        "type": "github"
      },
      "original": {
        "owner": "misterio77",
        "repo": "nix-colors",
        "type": "github"
      }
    },
    "nix-github-actions": {
      "inputs": {
        "nixpkgs": [
          "i3lock-color-wrapper",
          "poetry2nix",
          "nixpkgs"
        ]
      },
      "locked": {
        "lastModified": 1703863825,
        "narHash": "sha256-rXwqjtwiGKJheXB43ybM8NwWB8rO2dSRrEqes0S7F5Y=",
        "owner": "nix-community",
        "repo": "nix-github-actions",
        "rev": "5163432afc817cf8bd1f031418d1869e4c9d5547",
        "type": "github"
      },
      "original": {
        "owner": "nix-community",
        "repo": "nix-github-actions",
        "type": "github"
      }
    },
    "nix-github-actions_2": {
      "inputs": {
        "nixpkgs": [
          "xidlehook-caffeine",
          "poetry2nix",
          "nixpkgs"
        ]
      },
      "locked": {
        "lastModified": 1703863825,
        "narHash": "sha256-rXwqjtwiGKJheXB43ybM8NwWB8rO2dSRrEqes0S7F5Y=",
        "owner": "nix-community",
        "repo": "nix-github-actions",
        "rev": "5163432afc817cf8bd1f031418d1869e4c9d5547",
        "type": "github"
      },
      "original": {
        "owner": "nix-community",
        "repo": "nix-github-actions",
        "type": "github"
      }
    },
    "nixpkgs": {
      "locked": {
        "lastModified": 1717974879,
        "narHash": "sha256-GTO3C88+5DX171F/gVS3Qga/hOs/eRMxPFpiHq2t+D8=",
        "owner": "nixos",
        "repo": "nixpkgs",
        "rev": "c7b821ba2e1e635ba5a76d299af62821cbcb09f3",
        "type": "github"
      },
      "original": {
        "owner": "nixos",
        "ref": "nixos-unstable",
        "repo": "nixpkgs",
        "type": "github"
      }
    },
    "nixpkgs-lib": {
      "locked": {
        "lastModified": 1697935651,
        "narHash": "sha256-qOfWjQ2JQSQL15KLh6D7xQhx0qgZlYZTYlcEiRuAMMw=",
        "owner": "nix-community",
        "repo": "nixpkgs.lib",
        "rev": "e1e11fdbb01113d85c7f41cada9d2847660e3902",
        "type": "github"
      },
      "original": {
        "owner": "nix-community",
        "repo": "nixpkgs.lib",
        "type": "github"
      }
    },
    "nixpkgs-stable": {
      "locked": {
        "lastModified": 1717880976,
        "narHash": "sha256-BRvSCsKtDUr83NEtbGfHLUOdDK0Cgbezj2PtcHnz+sQ=",
        "owner": "NixOS",
        "repo": "nixpkgs",
        "rev": "4913a7c3d8b8d00cb9476a6bd730ff57777f740c",
        "type": "github"
      },
      "original": {
        "owner": "NixOS",
        "ref": "release-23.11",
        "repo": "nixpkgs",
        "type": "github"
      }
    },
    "nvchad-on-steroids": {
      "flake": false,
      "locked": {
        "lastModified": 1719678112,
        "narHash": "sha256-FxfnyOREjptbtOdcbhQGYh5l4/nVwpwWh5TNW4EfqLs=",
        "owner": "MOIS3Y",
        "repo": "nvchad-on-steroids",
        "rev": "70eb941a7b19b3862628a215c05e76020c9ec573",
        "type": "github"
      },
      "original": {
        "owner": "MOIS3Y",
        "repo": "nvchad-on-steroids",
        "type": "github"
      }
    },
    "nvchad4nix": {
      "inputs": {
        "nixpkgs": [
          "nixpkgs"
        ]
      },
      "locked": {
        "lastModified": 1719670225,
        "narHash": "sha256-nRzUuHyHcsHbiIDIxdATqJiurUIdQWOO4JgTBv4u6BE=",
        "owner": "MOIS3Y",
        "repo": "nvchad4nix",
        "rev": "de71b78b1a5abff213483446f4497c5070b27ce9",
        "type": "github"
      },
      "original": {
        "owner": "MOIS3Y",
        "repo": "nvchad4nix",
        "type": "github"
      }
    },
    "poetry2nix": {
      "inputs": {
        "flake-utils": "flake-utils",
        "nix-github-actions": "nix-github-actions",
        "nixpkgs": [
          "i3lock-color-wrapper",
          "nixpkgs"
        ],
        "systems": "systems_2",
        "treefmt-nix": "treefmt-nix"
      },
      "locked": {
        "lastModified": 1708589824,
        "narHash": "sha256-2GOiFTkvs5MtVF65sC78KNVxQSmsxtk0WmV1wJ9V2ck=",
        "owner": "nix-community",
        "repo": "poetry2nix",
        "rev": "3c92540611f42d3fb2d0d084a6c694cd6544b609",
        "type": "github"
      },
      "original": {
        "owner": "nix-community",
        "repo": "poetry2nix",
        "type": "github"
      }
    },
    "poetry2nix_2": {
      "inputs": {
        "flake-utils": "flake-utils_2",
        "nix-github-actions": "nix-github-actions_2",
        "nixpkgs": [
          "xidlehook-caffeine",
          "nixpkgs"
        ],
        "systems": "systems_4",
        "treefmt-nix": "treefmt-nix_2"
      },
      "locked": {
        "lastModified": 1708589824,
        "narHash": "sha256-2GOiFTkvs5MtVF65sC78KNVxQSmsxtk0WmV1wJ9V2ck=",
        "owner": "nix-community",
        "repo": "poetry2nix",
        "rev": "3c92540611f42d3fb2d0d084a6c694cd6544b609",
        "type": "github"
      },
      "original": {
        "owner": "nix-community",
        "repo": "poetry2nix",
        "type": "github"
      }
    },
    "root": {
      "inputs": {
        "aladdin4nix": "aladdin4nix",
        "assets4nix": "assets4nix",
        "home-manager": "home-manager",
        "i3lock-color-wrapper": "i3lock-color-wrapper",
        "kvlibadwaita": "kvlibadwaita",
        "nix-colors": "nix-colors",
        "nixpkgs": "nixpkgs",
        "nvchad-on-steroids": "nvchad-on-steroids",
        "nvchad4nix": "nvchad4nix",
        "sddmSugarCandy4Nix": "sddmSugarCandy4Nix",
        "sops-nix": "sops-nix",
        "xidlehook-caffeine": "xidlehook-caffeine"
      }
    },
    "sddmSugarCandy4Nix": {
      "inputs": {
        "nixpkgs": [
          "nixpkgs"
        ]
      },
      "locked": {
        "lastModified": 1718710990,
        "narHash": "sha256-bEbf33sYt6ZiX9hTpA8/0BPY3DR0DRGhrWtpiM781ro=",
        "owner": "MOIS3Y",
        "repo": "sddmSugarCandy4Nix",
        "rev": "7b0f38b06f620e66d239a8076d994568b4e34ce5",
        "type": "github"
      },
      "original": {
        "owner": "MOIS3Y",
        "repo": "sddmSugarCandy4Nix",
        "type": "github"
      }
    },
    "sops-nix": {
      "inputs": {
        "nixpkgs": [
          "nixpkgs"
        ],
        "nixpkgs-stable": "nixpkgs-stable"
      },
      "locked": {
        "lastModified": 1718137936,
        "narHash": "sha256-psA+1Q5fPaK6yI3vzlLINNtb6EeXj111zQWnZYyJS9c=",
        "owner": "Mic92",
        "repo": "sops-nix",
        "rev": "c279dec105dd53df13a5e57525da97905cc0f0d6",
        "type": "github"
      },
      "original": {
        "owner": "Mic92",
        "repo": "sops-nix",
        "type": "github"
      }
    },
    "systems": {
      "locked": {
        "lastModified": 1681028828,
        "narHash": "sha256-Vy1rq5AaRuLzOxct8nz4T6wlgyUR7zLU309k9mBC768=",
        "owner": "nix-systems",
        "repo": "default",
        "rev": "da67096a3b9bf56a91d16901293e51ba5b49a27e",
        "type": "github"
      },
      "original": {
        "owner": "nix-systems",
        "repo": "default",
        "type": "github"
      }
    },
    "systems_2": {
      "locked": {
        "lastModified": 1681028828,
        "narHash": "sha256-Vy1rq5AaRuLzOxct8nz4T6wlgyUR7zLU309k9mBC768=",
        "owner": "nix-systems",
        "repo": "default",
        "rev": "da67096a3b9bf56a91d16901293e51ba5b49a27e",
        "type": "github"
      },
      "original": {
        "id": "systems",
        "type": "indirect"
      }
    },
    "systems_3": {
      "locked": {
        "lastModified": 1681028828,
        "narHash": "sha256-Vy1rq5AaRuLzOxct8nz4T6wlgyUR7zLU309k9mBC768=",
        "owner": "nix-systems",
        "repo": "default",
        "rev": "da67096a3b9bf56a91d16901293e51ba5b49a27e",
        "type": "github"
      },
      "original": {
        "owner": "nix-systems",
        "repo": "default",
        "type": "github"
      }
    },
    "systems_4": {
      "locked": {
        "lastModified": 1681028828,
        "narHash": "sha256-Vy1rq5AaRuLzOxct8nz4T6wlgyUR7zLU309k9mBC768=",
        "owner": "nix-systems",
        "repo": "default",
        "rev": "da67096a3b9bf56a91d16901293e51ba5b49a27e",
        "type": "github"
      },
      "original": {
        "id": "systems",
        "type": "indirect"
      }
    },
    "treefmt-nix": {
      "inputs": {
        "nixpkgs": [
          "i3lock-color-wrapper",
          "poetry2nix",
          "nixpkgs"
        ]
      },
      "locked": {
        "lastModified": 1708335038,
        "narHash": "sha256-ETLZNFBVCabo7lJrpjD6cAbnE11eDOjaQnznmg/6hAE=",
        "owner": "numtide",
        "repo": "treefmt-nix",
        "rev": "e504621290a1fd896631ddbc5e9c16f4366c9f65",
        "type": "github"
      },
      "original": {
        "owner": "numtide",
        "repo": "treefmt-nix",
        "type": "github"
      }
    },
    "treefmt-nix_2": {
      "inputs": {
        "nixpkgs": [
          "xidlehook-caffeine",
          "poetry2nix",
          "nixpkgs"
        ]
      },
      "locked": {
        "lastModified": 1708335038,
        "narHash": "sha256-ETLZNFBVCabo7lJrpjD6cAbnE11eDOjaQnznmg/6hAE=",
        "owner": "numtide",
        "repo": "treefmt-nix",
        "rev": "e504621290a1fd896631ddbc5e9c16f4366c9f65",
        "type": "github"
      },
      "original": {
        "owner": "numtide",
        "repo": "treefmt-nix",
        "type": "github"
      }
    },
    "xidlehook-caffeine": {
      "inputs": {
        "nixpkgs": [
          "nixpkgs"
        ],
        "poetry2nix": "poetry2nix_2"
      },
      "locked": {
        "lastModified": 1711181444,
        "narHash": "sha256-+q03tNkqzVgJuvwSC4RIiO9P1/zsDKOG16cVl8r9eLo=",
        "owner": "MOIS3Y",
        "repo": "xidlehook-caffeine",
        "rev": "55c62960dd0d65046cb18d9c2aa35e36e5582f56",
        "type": "github"
      },
      "original": {
        "owner": "MOIS3Y",
        "repo": "xidlehook-caffeine",
        "type": "github"
      }
    }
  },
  "root": "root",
  "version": 7
}
