{
  "nodes": {
    "aladdin4nix": {
      "inputs": {
        "nixpkgs": [
          "nixpkgs"
        ]
      },
      "locked": {
        "lastModified": 1716117502,
        "narHash": "sha256-TsqDtWsNsR4SoGg0OiEG6B51G4OV5EVf9lqjloilNgg=",
        "owner": "MOIS3Y",
        "repo": "aladdin4nix",
        "rev": "883cfe949422eaf1ae21fc500cf2b5c2f2d945df",
        "type": "github"
      },
      "original": {
        "owner": "MOIS3Y",
        "repo": "aladdin4nix",
        "type": "github"
      }
    },
    "aquamarine": {
      "inputs": {
        "hyprutils": [
          "hyprland",
          "hyprutils"
        ],
        "hyprwayland-scanner": [
          "hyprland",
          "hyprwayland-scanner"
        ],
        "nixpkgs": [
          "hyprland",
          "nixpkgs"
        ],
        "systems": [
          "hyprland",
          "systems"
        ]
      },
      "locked": {
        "lastModified": 1725199881,
        "narHash": "sha256-jsmipf/u1GFZE5tBUkr56CHMN6VpUWCAjfLIhvQijU0=",
        "owner": "hyprwm",
        "repo": "aquamarine",
        "rev": "f8a687dd29ff019657498f1bd14da2fbbf0e604b",
        "type": "github"
      },
      "original": {
        "owner": "hyprwm",
        "repo": "aquamarine",
        "type": "github"
      }
    },
    "assets4nix": {
      "inputs": {
        "nixpkgs": [
          "nixpkgs"
        ]
      },
      "locked": {
        "lastModified": 1721057777,
        "narHash": "sha256-DRYGWHLfXbsMIPebQ8yeh0klDPRal34/2HrQnZYhNgM=",
        "owner": "MOIS3Y",
        "repo": "assets4nix",
        "rev": "4f5352e1e1e45e4ca8b5052aa436d455f10f6f19",
        "type": "github"
      },
      "original": {
        "owner": "MOIS3Y",
        "repo": "assets4nix",
        "type": "github"
      }
    },
    "base16-schemes": {
      "flake": false,
      "locked": {
        "lastModified": 1696158499,
        "narHash": "sha256-5yIHgDTPjoX/3oDEfLSQ0eJZdFL1SaCfb9d6M0RmOTM=",
        "owner": "tinted-theming",
        "repo": "base16-schemes",
        "rev": "a9112eaae86d9dd8ee6bb9445b664fba2f94037a",
        "type": "github"
      },
      "original": {
        "owner": "tinted-theming",
        "repo": "base16-schemes",
        "type": "github"
      }
    },
    "flake-utils": {
      "inputs": {
        "systems": "systems_3"
      },
      "locked": {
        "lastModified": 1705309234,
        "narHash": "sha256-uNRRNRKmJyCRC/8y1RqBkqWBLM034y4qN7EprSdmgyA=",
        "owner": "numtide",
        "repo": "flake-utils",
        "rev": "1ef2e671c3b0c19053962c07dbda38332dcebf26",
        "type": "github"
      },
      "original": {
        "owner": "numtide",
        "repo": "flake-utils",
        "type": "github"
      }
    },
    "flake-utils_2": {
      "inputs": {
        "systems": "systems_5"
      },
      "locked": {
        "lastModified": 1705309234,
        "narHash": "sha256-uNRRNRKmJyCRC/8y1RqBkqWBLM034y4qN7EprSdmgyA=",
        "owner": "numtide",
        "repo": "flake-utils",
        "rev": "1ef2e671c3b0c19053962c07dbda38332dcebf26",
        "type": "github"
      },
      "original": {
        "owner": "numtide",
        "repo": "flake-utils",
        "type": "github"
      }
    },
    "home-manager": {
      "inputs": {
        "nixpkgs": [
          "nixpkgs"
        ]
      },
      "locked": {
        "lastModified": 1721534365,
        "narHash": "sha256-XpZOkaSJKdOsz1wU6JfO59Rx2fqtcarQ0y6ndIOKNpI=",
        "owner": "nix-community",
        "repo": "home-manager",
        "rev": "635563f245309ef5320f80c7ebcb89b2398d2949",
        "type": "github"
      },
      "original": {
        "owner": "nix-community",
        "repo": "home-manager",
        "type": "github"
      }
    },
    "hyprcursor": {
      "inputs": {
        "hyprlang": [
          "hyprland",
          "hyprlang"
        ],
        "nixpkgs": [
          "hyprland",
          "nixpkgs"
        ],
        "systems": [
          "hyprland",
          "systems"
        ]
      },
      "locked": {
        "lastModified": 1722623071,
        "narHash": "sha256-sLADpVgebpCBFXkA1FlCXtvEPu1tdEsTfqK1hfeHySE=",
        "owner": "hyprwm",
        "repo": "hyprcursor",
        "rev": "912d56025f03d41b1ad29510c423757b4379eb1c",
        "type": "github"
      },
      "original": {
        "owner": "hyprwm",
        "repo": "hyprcursor",
        "type": "github"
      }
    },
    "hyprland": {
      "inputs": {
        "aquamarine": "aquamarine",
        "hyprcursor": "hyprcursor",
        "hyprlang": "hyprlang",
        "hyprutils": "hyprutils",
        "hyprwayland-scanner": "hyprwayland-scanner",
        "nixpkgs": "nixpkgs",
        "systems": "systems",
        "xdph": "xdph"
      },
      "locked": {
        "lastModified": 1725976150,
        "narHash": "sha256-Dv4XEWRcVFZhBDbj11/zuuXyf7TGHFVU1IGH9W/yPX8=",
        "ref": "refs/heads/main",
        "rev": "155d44016d0cb11332c454db73d59030cdbd7b13",
        "revCount": 5209,
        "submodules": true,
        "type": "git",
        "url": "https://github.com/hyprwm/Hyprland"
      },
      "original": {
        "submodules": true,
        "type": "git",
        "url": "https://github.com/hyprwm/Hyprland"
      }
    },
    "hyprland-protocols": {
      "inputs": {
        "nixpkgs": [
          "hyprland",
          "xdph",
          "nixpkgs"
        ],
        "systems": [
          "hyprland",
          "xdph",
          "systems"
        ]
      },
      "locked": {
        "lastModified": 1721326555,
        "narHash": "sha256-zCu4R0CSHEactW9JqYki26gy8h9f6rHmSwj4XJmlHgg=",
        "owner": "hyprwm",
        "repo": "hyprland-protocols",
        "rev": "5a11232266bf1a1f5952d5b179c3f4b2facaaa84",
        "type": "github"
      },
      "original": {
        "owner": "hyprwm",
        "repo": "hyprland-protocols",
        "type": "github"
      }
    },
    "hyprlang": {
      "inputs": {
        "hyprutils": [
          "hyprland",
          "hyprutils"
        ],
        "nixpkgs": [
          "hyprland",
          "nixpkgs"
        ],
        "systems": [
          "hyprland",
          "systems"
        ]
      },
      "locked": {
        "lastModified": 1725188252,
        "narHash": "sha256-yBH8c4GDaEAtBrh+BqIlrx5vp6gG/Gu8fQQK63KAQgs=",
        "owner": "hyprwm",
        "repo": "hyprlang",
        "rev": "c12ab785ce1982f82594aff03b3104c598186ddd",
        "type": "github"
      },
      "original": {
        "owner": "hyprwm",
        "repo": "hyprlang",
        "type": "github"
      }
    },
    "hyprlang_2": {
      "inputs": {
        "hyprutils": [
          "hyprlock",
          "hyprutils"
        ],
        "nixpkgs": [
          "hyprlock",
          "nixpkgs"
        ],
        "systems": [
          "hyprlock",
          "systems"
        ]
      },
      "locked": {
        "lastModified": 1721324361,
        "narHash": "sha256-BiJKO0IIdnSwHQBSrEJlKlFr753urkLE48wtt0UhNG4=",
        "owner": "hyprwm",
        "repo": "hyprlang",
        "rev": "adbefbf49664a6c2c8bf36b6487fd31e3eb68086",
        "type": "github"
      },
      "original": {
        "owner": "hyprwm",
        "repo": "hyprlang",
        "type": "github"
      }
    },
    "hyprlock": {
      "inputs": {
        "hyprlang": "hyprlang_2",
        "hyprutils": "hyprutils_2",
        "nixpkgs": "nixpkgs_2",
        "systems": "systems_2"
      },
      "locked": {
        "lastModified": 1725535663,
        "narHash": "sha256-hsvbU1utffVOFTRa3arPepv8en42VltR33L72vK3QVo=",
        "owner": "hyprwm",
        "repo": "hyprlock",
        "rev": "153977aab35a72f3e142e32aed6b268b659d18e1",
        "type": "github"
      },
      "original": {
        "owner": "hyprwm",
        "repo": "hyprlock",
        "type": "github"
      }
    },
    "hyprsplit": {
      "inputs": {
        "hyprland": [
          "hyprland"
        ]
      },
      "locked": {
        "lastModified": 1719357451,
        "narHash": "sha256-AMK4/87EdBcl8ukTdHMll+zbU76TySqpgwgi6J/jyks=",
        "owner": "shezdy",
        "repo": "hyprsplit",
        "rev": "fcf00b770e3b89fd93de2de1bb5e68721090f5fe",
        "type": "github"
      },
      "original": {
        "owner": "shezdy",
        "repo": "hyprsplit",
        "type": "github"
      }
    },
    "hyprutils": {
      "inputs": {
        "nixpkgs": [
          "hyprland",
          "nixpkgs"
        ],
        "systems": [
          "hyprland",
          "systems"
        ]
      },
      "locked": {
        "lastModified": 1724966483,
        "narHash": "sha256-WXDgKIbzjYKczxSZOsJplCS1i1yrTUpsDPuJV/xpYLo=",
        "owner": "hyprwm",
        "repo": "hyprutils",
        "rev": "8976e3f6a5357da953a09511d0c7f6a890fb6ec2",
        "type": "github"
      },
      "original": {
        "owner": "hyprwm",
        "repo": "hyprutils",
        "type": "github"
      }
    },
    "hyprutils_2": {
      "inputs": {
        "nixpkgs": [
          "hyprlock",
          "nixpkgs"
        ],
        "systems": [
          "hyprlock",
          "systems"
        ]
      },
      "locked": {
        "lastModified": 1721324102,
        "narHash": "sha256-WAZ0X6yJW1hFG6otkHBfyJDKRpNP5stsRqdEuHrFRpk=",
        "owner": "hyprwm",
        "repo": "hyprutils",
        "rev": "962582a090bc233c4de9d9897f46794280288989",
        "type": "github"
      },
      "original": {
        "owner": "hyprwm",
        "repo": "hyprutils",
        "type": "github"
      }
    },
    "hyprwayland-scanner": {
      "inputs": {
        "nixpkgs": [
          "hyprland",
          "nixpkgs"
        ],
        "systems": [
          "hyprland",
          "systems"
        ]
      },
      "locked": {
        "lastModified": 1721324119,
        "narHash": "sha256-SOOqIT27/X792+vsLSeFdrNTF+OSRp5qXv6Te+fb2Qg=",
        "owner": "hyprwm",
        "repo": "hyprwayland-scanner",
        "rev": "a048a6cb015340bd82f97c1f40a4b595ca85cc30",
        "type": "github"
      },
      "original": {
        "owner": "hyprwm",
        "repo": "hyprwayland-scanner",
        "type": "github"
      }
    },
    "i3lock-color-wrapper": {
      "inputs": {
        "nixpkgs": [
          "nixpkgs"
        ],
        "poetry2nix": "poetry2nix"
      },
      "locked": {
        "lastModified": 1711180718,
        "narHash": "sha256-d7RZ3tnCk+781KWzzvPQjfVqOy91hN18ktMPYyegDe4=",
        "owner": "MOIS3Y",
        "repo": "i3lock-color-wrapper",
        "rev": "a54e3c63cf06b984de17070b436996c5b1f46920",
        "type": "github"
      },
      "original": {
        "owner": "MOIS3Y",
        "repo": "i3lock-color-wrapper",
        "type": "github"
      }
    },
    "kvlibadwaita": {
      "inputs": {
        "nixpkgs": [
          "nixpkgs"
        ]
      },
      "locked": {
        "lastModified": 1720277189,
        "narHash": "sha256-GhYf//TrA+yWAIws/KTlx1V+ocb6QtxwH5uvnOFSqCY=",
        "owner": "MOIS3Y",
        "repo": "KvLibadwaita",
        "rev": "856ed01f26348d0f8a054b05c34c40f43a7bfbd4",
        "type": "github"
      },
      "original": {
        "owner": "MOIS3Y",
        "ref": "gradience",
        "repo": "KvLibadwaita",
        "type": "github"
      }
    },
    "nix-colors": {
      "inputs": {
        "base16-schemes": "base16-schemes",
        "nixpkgs-lib": "nixpkgs-lib"
      },
      "locked": {
        "lastModified": 1707825078,
        "narHash": "sha256-hTfge2J2W+42SZ7VHXkf4kjU+qzFqPeC9k66jAUBMHk=",
        "owner": "misterio77",
        "repo": "nix-colors",
        "rev": "b01f024090d2c4fc3152cd0cf12027a7b8453ba1",
        "type": "github"
      },
      "original": {
        "owner": "misterio77",
        "repo": "nix-colors",
        "type": "github"
      }
    },
    "nix-formatter-pack": {
      "inputs": {
        "nixpkgs": [
          "nix-on-droid",
          "nixpkgs"
        ],
        "nmd": "nmd",
        "nmt": "nmt"
      },
      "locked": {
        "lastModified": 1705252799,
        "narHash": "sha256-HgSTREh7VoXjGgNDwKQUYcYo13rPkltW7IitHrTPA5c=",
        "owner": "Gerschtli",
        "repo": "nix-formatter-pack",
        "rev": "2de39dedd79aab14c01b9e2934842051a160ffa5",
        "type": "github"
      },
      "original": {
        "owner": "Gerschtli",
        "repo": "nix-formatter-pack",
        "type": "github"
      }
    },
    "nix-github-actions": {
      "inputs": {
        "nixpkgs": [
          "i3lock-color-wrapper",
          "poetry2nix",
          "nixpkgs"
        ]
      },
      "locked": {
        "lastModified": 1703863825,
        "narHash": "sha256-rXwqjtwiGKJheXB43ybM8NwWB8rO2dSRrEqes0S7F5Y=",
        "owner": "nix-community",
        "repo": "nix-github-actions",
        "rev": "5163432afc817cf8bd1f031418d1869e4c9d5547",
        "type": "github"
      },
      "original": {
        "owner": "nix-community",
        "repo": "nix-github-actions",
        "type": "github"
      }
    },
    "nix-github-actions_2": {
      "inputs": {
        "nixpkgs": [
          "xidlehook-caffeine",
          "poetry2nix",
          "nixpkgs"
        ]
      },
      "locked": {
        "lastModified": 1703863825,
        "narHash": "sha256-rXwqjtwiGKJheXB43ybM8NwWB8rO2dSRrEqes0S7F5Y=",
        "owner": "nix-community",
        "repo": "nix-github-actions",
        "rev": "5163432afc817cf8bd1f031418d1869e4c9d5547",
        "type": "github"
      },
      "original": {
        "owner": "nix-community",
        "repo": "nix-github-actions",
        "type": "github"
      }
    },
    "nix-on-droid": {
      "inputs": {
        "home-manager": [
          "home-manager"
        ],
        "nix-formatter-pack": "nix-formatter-pack",
        "nixpkgs": [
          "nixpkgs"
        ],
        "nixpkgs-docs": "nixpkgs-docs",
        "nixpkgs-for-bootstrap": "nixpkgs-for-bootstrap",
        "nmd": "nmd_2"
      },
      "locked": {
        "lastModified": 1720396533,
        "narHash": "sha256-UFzk/hZWO1VkciIO5UPaSpJN8s765wsngUSvtJM6d5Q=",
        "owner": "nix-community",
        "repo": "nix-on-droid",
        "rev": "f3d3b8294039f2f9a8fb7ea82c320f29c6b0fe25",
        "type": "github"
      },
      "original": {
        "owner": "nix-community",
        "ref": "release-24.05",
        "repo": "nix-on-droid",
        "type": "github"
      }
    },
    "nixpkgs": {
      "locked": {
        "lastModified": 1725103162,
        "narHash": "sha256-Ym04C5+qovuQDYL/rKWSR+WESseQBbNAe5DsXNx5trY=",
        "owner": "NixOS",
        "repo": "nixpkgs",
        "rev": "12228ff1752d7b7624a54e9c1af4b222b3c1073b",
        "type": "github"
      },
      "original": {
        "owner": "NixOS",
        "ref": "nixos-unstable",
        "repo": "nixpkgs",
        "type": "github"
      }
    },
    "nixpkgs-docs": {
      "locked": {
        "lastModified": 1705957679,
        "narHash": "sha256-Q8LJaVZGJ9wo33wBafvZSzapYsjOaNjP/pOnSiKVGHY=",
        "owner": "NixOS",
        "repo": "nixpkgs",
        "rev": "9a333eaa80901efe01df07eade2c16d183761fa3",
        "type": "github"
      },
      "original": {
        "owner": "NixOS",
        "ref": "release-23.05",
        "repo": "nixpkgs",
        "type": "github"
      }
    },
    "nixpkgs-for-bootstrap": {
      "locked": {
        "lastModified": 1720244366,
        "narHash": "sha256-WrDV0FPMVd2Sq9hkR5LNHudS3OSMmUrs90JUTN+MXpA=",
        "owner": "NixOS",
        "repo": "nixpkgs",
        "rev": "49ee0e94463abada1de470c9c07bfc12b36dcf40",
        "type": "github"
      },
      "original": {
        "owner": "NixOS",
        "repo": "nixpkgs",
        "rev": "49ee0e94463abada1de470c9c07bfc12b36dcf40",
        "type": "github"
      }
    },
    "nixpkgs-lib": {
      "locked": {
        "lastModified": 1697935651,
        "narHash": "sha256-qOfWjQ2JQSQL15KLh6D7xQhx0qgZlYZTYlcEiRuAMMw=",
        "owner": "nix-community",
        "repo": "nixpkgs.lib",
        "rev": "e1e11fdbb01113d85c7f41cada9d2847660e3902",
        "type": "github"
      },
      "original": {
        "owner": "nix-community",
        "repo": "nixpkgs.lib",
        "type": "github"
      }
    },
    "nixpkgs-stable": {
      "locked": {
        "lastModified": 1721524707,
        "narHash": "sha256-5NctRsoE54N86nWd0psae70YSLfrOek3Kv1e8KoXe/0=",
        "owner": "NixOS",
        "repo": "nixpkgs",
        "rev": "556533a23879fc7e5f98dd2e0b31a6911a213171",
        "type": "github"
      },
      "original": {
        "owner": "NixOS",
        "ref": "release-24.05",
        "repo": "nixpkgs",
        "type": "github"
      }
    },
    "nixpkgs_2": {
      "locked": {
        "lastModified": 1721138476,
        "narHash": "sha256-+W5eZOhhemLQxelojLxETfbFbc19NWawsXBlapYpqIA=",
        "owner": "NixOS",
        "repo": "nixpkgs",
        "rev": "ad0b5eed1b6031efaed382844806550c3dcb4206",
        "type": "github"
      },
      "original": {
        "owner": "NixOS",
        "ref": "nixos-unstable",
        "repo": "nixpkgs",
        "type": "github"
      }
    },
    "nixpkgs_3": {
      "locked": {
        "lastModified": 1725634671,
        "narHash": "sha256-v3rIhsJBOMLR8e/RNWxr828tB+WywYIoajrZKFM+0Gg=",
        "owner": "nixos",
        "repo": "nixpkgs",
        "rev": "574d1eac1c200690e27b8eb4e24887f8df7ac27c",
        "type": "github"
      },
      "original": {
        "owner": "nixos",
        "ref": "nixos-unstable",
        "repo": "nixpkgs",
        "type": "github"
      }
    },
    "nmd": {
      "flake": false,
      "locked": {
        "lastModified": 1666190571,
        "narHash": "sha256-Z1hc7M9X6L+H83o9vOprijpzhTfOBjd0KmUTnpHAVjA=",
        "owner": "rycee",
        "repo": "nmd",
        "rev": "b75d312b4f33bd3294cd8ae5c2ca8c6da2afc169",
        "type": "gitlab"
      },
      "original": {
        "owner": "rycee",
        "repo": "nmd",
        "type": "gitlab"
      }
    },
    "nmd_2": {
      "inputs": {
        "nixpkgs": [
          "nix-on-droid",
          "nixpkgs-docs"
        ],
        "scss-reset": "scss-reset"
      },
      "locked": {
        "lastModified": 1705050560,
        "narHash": "sha256-x3zzcdvhJpodsmdjqB4t5mkVW22V3wqHLOun0KRBzUI=",
        "owner": "~rycee",
        "repo": "nmd",
        "rev": "66d9334933119c36f91a78d565c152a4fdc8d3d3",
        "type": "sourcehut"
      },
      "original": {
        "owner": "~rycee",
        "repo": "nmd",
        "type": "sourcehut"
      }
    },
    "nmt": {
      "flake": false,
      "locked": {
        "lastModified": 1648075362,
        "narHash": "sha256-u36WgzoA84dMVsGXzml4wZ5ckGgfnvS0ryzo/3zn/Pc=",
        "owner": "rycee",
        "repo": "nmt",
        "rev": "d83601002c99b78c89ea80e5e6ba21addcfe12ae",
        "type": "gitlab"
      },
      "original": {
        "owner": "rycee",
        "repo": "nmt",
        "type": "gitlab"
      }
    },
    "nvchad-on-steroids": {
      "flake": false,
      "locked": {
        "lastModified": 1719678112,
        "narHash": "sha256-FxfnyOREjptbtOdcbhQGYh5l4/nVwpwWh5TNW4EfqLs=",
        "owner": "MOIS3Y",
        "repo": "nvchad-on-steroids",
        "rev": "70eb941a7b19b3862628a215c05e76020c9ec573",
        "type": "github"
      },
      "original": {
        "owner": "MOIS3Y",
        "repo": "nvchad-on-steroids",
        "type": "github"
      }
    },
    "nvchad4nix": {
      "inputs": {
        "nixpkgs": [
          "nixpkgs"
        ]
      },
      "locked": {
        "lastModified": 1725104814,
        "narHash": "sha256-yRenTxLIr9b8s2vJvfhE9fn/Hh1QIqonrClK5wc6ArI=",
        "owner": "MOIS3Y",
        "repo": "nvchad4nix",
        "rev": "bf1b3696cb50bfed95c23fc95fd64723139d8871",
        "type": "github"
      },
      "original": {
        "owner": "MOIS3Y",
        "repo": "nvchad4nix",
        "type": "github"
      }
    },
    "poetry2nix": {
      "inputs": {
        "flake-utils": "flake-utils",
        "nix-github-actions": "nix-github-actions",
        "nixpkgs": [
          "i3lock-color-wrapper",
          "nixpkgs"
        ],
        "systems": "systems_4",
        "treefmt-nix": "treefmt-nix"
      },
      "locked": {
        "lastModified": 1708589824,
        "narHash": "sha256-2GOiFTkvs5MtVF65sC78KNVxQSmsxtk0WmV1wJ9V2ck=",
        "owner": "nix-community",
        "repo": "poetry2nix",
        "rev": "3c92540611f42d3fb2d0d084a6c694cd6544b609",
        "type": "github"
      },
      "original": {
        "owner": "nix-community",
        "repo": "poetry2nix",
        "type": "github"
      }
    },
    "poetry2nix_2": {
      "inputs": {
        "flake-utils": "flake-utils_2",
        "nix-github-actions": "nix-github-actions_2",
        "nixpkgs": [
          "xidlehook-caffeine",
          "nixpkgs"
        ],
        "systems": "systems_6",
        "treefmt-nix": "treefmt-nix_2"
      },
      "locked": {
        "lastModified": 1708589824,
        "narHash": "sha256-2GOiFTkvs5MtVF65sC78KNVxQSmsxtk0WmV1wJ9V2ck=",
        "owner": "nix-community",
        "repo": "poetry2nix",
        "rev": "3c92540611f42d3fb2d0d084a6c694cd6544b609",
        "type": "github"
      },
      "original": {
        "owner": "nix-community",
        "repo": "poetry2nix",
        "type": "github"
      }
    },
    "root": {
      "inputs": {
        "aladdin4nix": "aladdin4nix",
        "assets4nix": "assets4nix",
        "home-manager": "home-manager",
        "hyprland": "hyprland",
        "hyprlock": "hyprlock",
        "hyprsplit": "hyprsplit",
        "i3lock-color-wrapper": "i3lock-color-wrapper",
        "kvlibadwaita": "kvlibadwaita",
        "nix-colors": "nix-colors",
        "nix-on-droid": "nix-on-droid",
        "nixpkgs": "nixpkgs_3",
        "nvchad-on-steroids": "nvchad-on-steroids",
        "nvchad4nix": "nvchad4nix",
        "sddmSugarCandy4Nix": "sddmSugarCandy4Nix",
        "sops-nix": "sops-nix",
        "xidlehook-caffeine": "xidlehook-caffeine"
      }
    },
    "scss-reset": {
      "flake": false,
      "locked": {
        "lastModified": 1631450058,
        "narHash": "sha256-muDlZJPtXDIGevSEWkicPP0HQ6VtucbkMNygpGlBEUM=",
        "owner": "andreymatin",
        "repo": "scss-reset",
        "rev": "0cf50e27a4e95e9bb5b1715eedf9c54dee1a5a91",
        "type": "github"
      },
      "original": {
        "owner": "andreymatin",
        "repo": "scss-reset",
        "type": "github"
      }
    },
    "sddmSugarCandy4Nix": {
      "inputs": {
        "nixpkgs": [
          "nixpkgs"
        ]
      },
      "locked": {
        "lastModified": 1719646829,
        "narHash": "sha256-Cl8r+3TxrgzWuPU4XjXetRU/Nh3SWfVtnKAS3HqFr6U=",
        "owner": "MOIS3Y",
        "repo": "sddmSugarCandy4Nix",
        "rev": "92da0ccd16a64508493336f15c2fafaeef258c94",
        "type": "github"
      },
      "original": {
        "owner": "MOIS3Y",
        "repo": "sddmSugarCandy4Nix",
        "type": "github"
      }
    },
    "sops-nix": {
      "inputs": {
        "nixpkgs": [
          "nixpkgs"
        ],
        "nixpkgs-stable": "nixpkgs-stable"
      },
      "locked": {
        "lastModified": 1721531171,
        "narHash": "sha256-AsvPw7T0tBLb53xZGcUC3YPqlIpdxoSx56u8vPCr6gU=",
        "owner": "Mic92",
        "repo": "sops-nix",
        "rev": "909e8cfb60d83321d85c8d17209d733658a21c95",
        "type": "github"
      },
      "original": {
        "owner": "Mic92",
        "repo": "sops-nix",
        "type": "github"
      }
    },
    "systems": {
      "locked": {
        "lastModified": 1689347949,
        "narHash": "sha256-12tWmuL2zgBgZkdoB6qXZsgJEH9LR3oUgpaQq2RbI80=",
        "owner": "nix-systems",
        "repo": "default-linux",
        "rev": "31732fcf5e8fea42e59c2488ad31a0e651500f68",
        "type": "github"
      },
      "original": {
        "owner": "nix-systems",
        "repo": "default-linux",
        "type": "github"
      }
    },
    "systems_2": {
      "locked": {
        "lastModified": 1689347949,
        "narHash": "sha256-12tWmuL2zgBgZkdoB6qXZsgJEH9LR3oUgpaQq2RbI80=",
        "owner": "nix-systems",
        "repo": "default-linux",
        "rev": "31732fcf5e8fea42e59c2488ad31a0e651500f68",
        "type": "github"
      },
      "original": {
        "owner": "nix-systems",
        "repo": "default-linux",
        "type": "github"
      }
    },
    "systems_3": {
      "locked": {
        "lastModified": 1681028828,
        "narHash": "sha256-Vy1rq5AaRuLzOxct8nz4T6wlgyUR7zLU309k9mBC768=",
        "owner": "nix-systems",
        "repo": "default",
        "rev": "da67096a3b9bf56a91d16901293e51ba5b49a27e",
        "type": "github"
      },
      "original": {
        "owner": "nix-systems",
        "repo": "default",
        "type": "github"
      }
    },
    "systems_4": {
      "locked": {
        "lastModified": 1681028828,
        "narHash": "sha256-Vy1rq5AaRuLzOxct8nz4T6wlgyUR7zLU309k9mBC768=",
        "owner": "nix-systems",
        "repo": "default",
        "rev": "da67096a3b9bf56a91d16901293e51ba5b49a27e",
        "type": "github"
      },
      "original": {
        "id": "systems",
        "type": "indirect"
      }
    },
    "systems_5": {
      "locked": {
        "lastModified": 1681028828,
        "narHash": "sha256-Vy1rq5AaRuLzOxct8nz4T6wlgyUR7zLU309k9mBC768=",
        "owner": "nix-systems",
        "repo": "default",
        "rev": "da67096a3b9bf56a91d16901293e51ba5b49a27e",
        "type": "github"
      },
      "original": {
        "owner": "nix-systems",
        "repo": "default",
        "type": "github"
      }
    },
    "systems_6": {
      "locked": {
        "lastModified": 1681028828,
        "narHash": "sha256-Vy1rq5AaRuLzOxct8nz4T6wlgyUR7zLU309k9mBC768=",
        "owner": "nix-systems",
        "repo": "default",
        "rev": "da67096a3b9bf56a91d16901293e51ba5b49a27e",
        "type": "github"
      },
      "original": {
        "id": "systems",
        "type": "indirect"
      }
    },
    "treefmt-nix": {
      "inputs": {
        "nixpkgs": [
          "i3lock-color-wrapper",
          "poetry2nix",
          "nixpkgs"
        ]
      },
      "locked": {
        "lastModified": 1708335038,
        "narHash": "sha256-ETLZNFBVCabo7lJrpjD6cAbnE11eDOjaQnznmg/6hAE=",
        "owner": "numtide",
        "repo": "treefmt-nix",
        "rev": "e504621290a1fd896631ddbc5e9c16f4366c9f65",
        "type": "github"
      },
      "original": {
        "owner": "numtide",
        "repo": "treefmt-nix",
        "type": "github"
      }
    },
    "treefmt-nix_2": {
      "inputs": {
        "nixpkgs": [
          "xidlehook-caffeine",
          "poetry2nix",
          "nixpkgs"
        ]
      },
      "locked": {
        "lastModified": 1708335038,
        "narHash": "sha256-ETLZNFBVCabo7lJrpjD6cAbnE11eDOjaQnznmg/6hAE=",
        "owner": "numtide",
        "repo": "treefmt-nix",
        "rev": "e504621290a1fd896631ddbc5e9c16f4366c9f65",
        "type": "github"
      },
      "original": {
        "owner": "numtide",
        "repo": "treefmt-nix",
        "type": "github"
      }
    },
    "xdph": {
      "inputs": {
        "hyprland-protocols": "hyprland-protocols",
        "hyprlang": [
          "hyprland",
          "hyprlang"
        ],
        "nixpkgs": [
          "hyprland",
          "nixpkgs"
        ],
        "systems": [
          "hyprland",
          "systems"
        ]
      },
      "locked": {
        "lastModified": 1725228143,
        "narHash": "sha256-kbSiPA5oXiz1+1eVoRslMi5wylHD6SDT8dS9eZAxXAM=",
        "owner": "hyprwm",
        "repo": "xdg-desktop-portal-hyprland",
        "rev": "11e15b437e7efc39e452f36e15a183225d6bfa39",
        "type": "github"
      },
      "original": {
        "owner": "hyprwm",
        "repo": "xdg-desktop-portal-hyprland",
        "type": "github"
      }
    },
    "xidlehook-caffeine": {
      "inputs": {
        "nixpkgs": [
          "nixpkgs"
        ],
        "poetry2nix": "poetry2nix_2"
      },
      "locked": {
        "lastModified": 1711181444,
        "narHash": "sha256-+q03tNkqzVgJuvwSC4RIiO9P1/zsDKOG16cVl8r9eLo=",
        "owner": "MOIS3Y",
        "repo": "xidlehook-caffeine",
        "rev": "55c62960dd0d65046cb18d9c2aa35e36e5582f56",
        "type": "github"
      },
      "original": {
        "owner": "MOIS3Y",
        "repo": "xidlehook-caffeine",
        "type": "github"
      }
    }
  },
  "root": "root",
  "version": 7
}
