name: "Update flake.lock"

on:
  schedule:
    - cron: '0 0 * * 1' # Every Monday at midnight
  workflow_dispatch:

permissions:
  pull-requests: write
  contents: write

jobs:
  update:
    runs-on: ubuntu-latest
    steps:
      - name: Checkout repository
        uses: actions/checkout@v4

      - name: Install Nix
        uses: DeterminateSystems/nix-installer-action@v1

      - name: Update flake.lock
        uses: DeterminateSystems/update-flake-lock-action@v24
        with:
          pr-title: "chore(deps): update flake.lock"
          pr-labels: |
            dependencies
            automated
          commit-msg: "chore(deps): update flake.lock"
          pr-body: |
            Automated update of `flake.lock`.
            
            Details:
            ```
            {{ env.GIT_COMMIT_MESSAGE }}
            ```
